
Microsoft Visual Studio Solution File, Format Version 12.00
# Visual Studio 15
VisualStudioVersion = 15.0.28010.2036
MinimumVisualStudioVersion = 10.0.40219.1
Project("{9A19103F-16F7-4668-BE54-9A1E7A4F7556}") = "BlazorTest.Server", "BlazorTest.Server\BlazorTest.Server.csproj", "{C2C073B8-B1BD-4C56-AC4D-BECDBC1E17CB}"
EndProject
Project("{9A19103F-16F7-4668-BE54-9A1E7A4F7556}") = "BlazorTest.App", "BlazorTest.App\BlazorTest.App.csproj", "{6C27A329-DDD4-4F91-96A1-DD5135EC14ED}"
EndProject
Project("{9A19103F-16F7-4668-BE54-9A1E7A4F7556}") = "BlazorClock", "BlazorClock\BlazorClock.csproj", "{0EDFA8EA-EDFD-4F70-8022-E0C185D618DD}"
EndProject
Project("{9A19103F-16F7-4668-BE54-9A1E7A4F7556}") = "BlazorFlying", "BlazorFlying\BlazorFlying.csproj", "{ECE39ED7-B52B-4206-A111-B0D20B467F20}"
EndProject
Project("{9A19103F-16F7-4668-BE54-9A1E7A4F7556}") = "BlazorLogin", "BlazorLogin\BlazorLogin.csproj", "{49BE2874-C3F7-4362-BBBE-B5B8C422A04B}"
EndProject
Project("{9A19103F-16F7-4668-BE54-9A1E7A4F7556}") = "BlazorTree", "BlazorTree\BlazorTree.csproj", "{3E13C918-59A8-4441-BE30-7876AC44BBF3}"
EndProject
Project("{9A19103F-16F7-4668-BE54-9A1E7A4F7556}") = "Bletris", "Bletris\Bletris.csproj", "{36A9B093-F007-42A0-9402-BB6114BE9582}"
EndProject
Project("{9A19103F-16F7-4668-BE54-9A1E7A4F7556}") = "BlazorForm", "BlazorForm\BlazorForm.csproj", "{E67FC720-FA5F-4B6B-9269-2C20B636A0AC}"
EndProject
Project("{9A19103F-16F7-4668-BE54-9A1E7A4F7556}") = "BlazorTraffic", "BlazorTraffic\BlazorTraffic.csproj", "{89222540-D230-4518-BE71-1E038A28206F}"
EndProject
Project("{9A19103F-16F7-4668-BE54-9A1E7A4F7556}") = "BlazorDraggable", "BlazorDraggable\BlazorDraggable.csproj", "{044435F1-6E14-44FA-82ED-85DAAC697791}"
EndProject
Global
	GlobalSection(SolutionConfigurationPlatforms) = preSolution
		BlazorClock|Any CPU = BlazorClock|Any CPU
		Debug|Any CPU = Debug|Any CPU
		Release|Any CPU = Release|Any CPU
	EndGlobalSection
	GlobalSection(ProjectConfigurationPlatforms) = postSolution
		{C2C073B8-B1BD-4C56-AC4D-BECDBC1E17CB}.BlazorClock|Any CPU.ActiveCfg = Debug|Any CPU
		{C2C073B8-B1BD-4C56-AC4D-BECDBC1E17CB}.Debug|Any CPU.ActiveCfg = Debug|Any CPU
		{C2C073B8-B1BD-4C56-AC4D-BECDBC1E17CB}.Debug|Any CPU.Build.0 = Debug|Any CPU
		{C2C073B8-B1BD-4C56-AC4D-BECDBC1E17CB}.Release|Any CPU.ActiveCfg = Release|Any CPU
		{C2C073B8-B1BD-4C56-AC4D-BECDBC1E17CB}.Release|Any CPU.Build.0 = Release|Any CPU
		{6C27A329-DDD4-4F91-96A1-DD5135EC14ED}.BlazorClock|Any CPU.ActiveCfg = Debug|Any CPU
		{6C27A329-DDD4-4F91-96A1-DD5135EC14ED}.Debug|Any CPU.ActiveCfg = Debug|Any CPU
		{6C27A329-DDD4-4F91-96A1-DD5135EC14ED}.Debug|Any CPU.Build.0 = Debug|Any CPU
		{6C27A329-DDD4-4F91-96A1-DD5135EC14ED}.Release|Any CPU.ActiveCfg = Release|Any CPU
		{6C27A329-DDD4-4F91-96A1-DD5135EC14ED}.Release|Any CPU.Build.0 = Release|Any CPU
		{0EDFA8EA-EDFD-4F70-8022-E0C185D618DD}.BlazorClock|Any CPU.ActiveCfg = Debug|Any CPU
		{0EDFA8EA-EDFD-4F70-8022-E0C185D618DD}.BlazorClock|Any CPU.Build.0 = Debug|Any CPU
		{0EDFA8EA-EDFD-4F70-8022-E0C185D618DD}.Debug|Any CPU.ActiveCfg = Debug|Any CPU
		{0EDFA8EA-EDFD-4F70-8022-E0C185D618DD}.Debug|Any CPU.Build.0 = Debug|Any CPU
		{0EDFA8EA-EDFD-4F70-8022-E0C185D618DD}.Release|Any CPU.ActiveCfg = Release|Any CPU
		{0EDFA8EA-EDFD-4F70-8022-E0C185D618DD}.Release|Any CPU.Build.0 = Release|Any CPU
		{ECE39ED7-B52B-4206-A111-B0D20B467F20}.BlazorClock|Any CPU.ActiveCfg = Debug|Any CPU
		{ECE39ED7-B52B-4206-A111-B0D20B467F20}.Debug|Any CPU.ActiveCfg = Debug|Any CPU
		{ECE39ED7-B52B-4206-A111-B0D20B467F20}.Debug|Any CPU.Build.0 = Debug|Any CPU
		{ECE39ED7-B52B-4206-A111-B0D20B467F20}.Release|Any CPU.ActiveCfg = Release|Any CPU
		{ECE39ED7-B52B-4206-A111-B0D20B467F20}.Release|Any CPU.Build.0 = Release|Any CPU
		{49BE2874-C3F7-4362-BBBE-B5B8C422A04B}.BlazorClock|Any CPU.ActiveCfg = Debug|Any CPU
		{49BE2874-C3F7-4362-BBBE-B5B8C422A04B}.Debug|Any CPU.ActiveCfg = Debug|Any CPU
		{49BE2874-C3F7-4362-BBBE-B5B8C422A04B}.Debug|Any CPU.Build.0 = Debug|Any CPU
		{49BE2874-C3F7-4362-BBBE-B5B8C422A04B}.Release|Any CPU.ActiveCfg = Release|Any CPU
		{49BE2874-C3F7-4362-BBBE-B5B8C422A04B}.Release|Any CPU.Build.0 = Release|Any CPU
		{3E13C918-59A8-4441-BE30-7876AC44BBF3}.BlazorClock|Any CPU.ActiveCfg = Debug|Any CPU
		{3E13C918-59A8-4441-BE30-7876AC44BBF3}.BlazorClock|Any CPU.Build.0 = Debug|Any CPU
		{3E13C918-59A8-4441-BE30-7876AC44BBF3}.Debug|Any CPU.ActiveCfg = Debug|Any CPU
		{3E13C918-59A8-4441-BE30-7876AC44BBF3}.Debug|Any CPU.Build.0 = Debug|Any CPU
		{3E13C918-59A8-4441-BE30-7876AC44BBF3}.Release|Any CPU.ActiveCfg = Release|Any CPU
		{3E13C918-59A8-4441-BE30-7876AC44BBF3}.Release|Any CPU.Build.0 = Release|Any CPU
		{36A9B093-F007-42A0-9402-BB6114BE9582}.BlazorClock|Any CPU.ActiveCfg = Debug|Any CPU
		{36A9B093-F007-42A0-9402-BB6114BE9582}.BlazorClock|Any CPU.Build.0 = Debug|Any CPU
		{36A9B093-F007-42A0-9402-BB6114BE9582}.Debug|Any CPU.ActiveCfg = Debug|Any CPU
		{36A9B093-F007-42A0-9402-BB6114BE9582}.Debug|Any CPU.Build.0 = Debug|Any CPU
		{36A9B093-F007-42A0-9402-BB6114BE9582}.Release|Any CPU.ActiveCfg = Release|Any CPU
		{36A9B093-F007-42A0-9402-BB6114BE9582}.Release|Any CPU.Build.0 = Release|Any CPU
		{E67FC720-FA5F-4B6B-9269-2C20B636A0AC}.BlazorClock|Any CPU.ActiveCfg = Debug|Any CPU
		{E67FC720-FA5F-4B6B-9269-2C20B636A0AC}.BlazorClock|Any CPU.Build.0 = Debug|Any CPU
		{E67FC720-FA5F-4B6B-9269-2C20B636A0AC}.Debug|Any CPU.ActiveCfg = Debug|Any CPU
		{E67FC720-FA5F-4B6B-9269-2C20B636A0AC}.Debug|Any CPU.Build.0 = Debug|Any CPU
		{E67FC720-FA5F-4B6B-9269-2C20B636A0AC}.Release|Any CPU.ActiveCfg = Release|Any CPU
		{E67FC720-FA5F-4B6B-9269-2C20B636A0AC}.Release|Any CPU.Build.0 = Release|Any CPU
		{89222540-D230-4518-BE71-1E038A28206F}.BlazorClock|Any CPU.ActiveCfg = Debug|Any CPU
		{89222540-D230-4518-BE71-1E038A28206F}.BlazorClock|Any CPU.Build.0 = Debug|Any CPU
		{89222540-D230-4518-BE71-1E038A28206F}.Debug|Any CPU.ActiveCfg = Debug|Any CPU
		{89222540-D230-4518-BE71-1E038A28206F}.Debug|Any CPU.Build.0 = Debug|Any CPU
		{89222540-D230-4518-BE71-1E038A28206F}.Release|Any CPU.ActiveCfg = Release|Any CPU
		{89222540-D230-4518-BE71-1E038A28206F}.Release|Any CPU.Build.0 = Release|Any CPU
		{044435F1-6E14-44FA-82ED-85DAAC697791}.BlazorClock|Any CPU.ActiveCfg = Debug|Any CPU
		{044435F1-6E14-44FA-82ED-85DAAC697791}.BlazorClock|Any CPU.Build.0 = Debug|Any CPU
		{044435F1-6E14-44FA-82ED-85DAAC697791}.Debug|Any CPU.ActiveCfg = Debug|Any CPU
		{044435F1-6E14-44FA-82ED-85DAAC697791}.Debug|Any CPU.Build.0 = Debug|Any CPU
		{044435F1-6E14-44FA-82ED-85DAAC697791}.Release|Any CPU.ActiveCfg = Release|Any CPU
		{044435F1-6E14-44FA-82ED-85DAAC697791}.Release|Any CPU.Build.0 = Release|Any CPU
	EndGlobalSection
	GlobalSection(SolutionProperties) = preSolution
		HideSolutionNode = FALSE
	EndGlobalSection
	GlobalSection(ExtensibilityGlobals) = postSolution
		SolutionGuid = {05025728-9D52-413E-B232-E0E6DB08B4BC}
	EndGlobalSection
EndGlobal
